
Microsoft Visual Studio Solution File, Format Version 12.00
# Visual Studio Version 17
VisualStudioVersion = 17.5.33530.505
MinimumVisualStudioVersion = 10.0.40219.1
Project("{FAE04EC0-301F-11D3-BF4B-00C04F79EFBC}") = "user", "user\user.csproj", "{A89ADCF3-3343-4324-8399-5C7AC2110664}"
EndProject
Global
	GlobalSection(SolutionConfigurationPlatforms) = preSolution
		Debug|Any CPU = Debug|Any CPU
		Release|Any CPU = Release|Any CPU
	EndGlobalSection
	GlobalSection(ProjectConfigurationPlatforms) = postSolution
		{A89ADCF3-3343-4324-8399-5C7AC2110664}.Debug|Any CPU.ActiveCfg = Debug|Any CPU
		{A89ADCF3-3343-4324-8399-5C7AC2110664}.Debug|Any CPU.Build.0 = Debug|Any CPU
		{A89ADCF3-3343-4324-8399-5C7AC2110664}.Release|Any CPU.ActiveCfg = Release|Any CPU
		{A89ADCF3-3343-4324-8399-5C7AC2110664}.Release|Any CPU.Build.0 = Release|Any CPU
	EndGlobalSection
	GlobalSection(SolutionProperties) = preSolution
		HideSolutionNode = FALSE
	EndGlobalSection
	GlobalSection(ExtensibilityGlobals) = postSolution
		SolutionGuid = {65C479FA-F101-4053-A548-2BBA6484F55B}
	EndGlobalSection
EndGlobal
